<?xml version="1.0" encoding="utf-8"?>
<Project ToolsVersion="4.0" xmlns="http://schemas.microsoft.com/developer/msbuild/2003">
  <ItemGroup>
    <Filter Include="Source Files">
      <UniqueIdentifier>{4FC737F1-C7A5-4376-A066-2A32D752A2FF}</UniqueIdentifier>
      <Extensions>cpp;c;cc;cxx;def;odl;idl;hpj;bat;asm;asmx</Extensions>
    </Filter>
    <Filter Include="Header Files">
      <UniqueIdentifier>{93995380-89BD-4b04-88EB-625FBE52EBFB}</UniqueIdentifier>
      <Extensions>h;hh;hpp;hxx;hm;inl;inc;xsd</Extensions>
    </Filter>
    <Filter Include="Resource Files">
      <UniqueIdentifier>{67DA6AB6-F800-4c08-8B7A-83BB121AAD01}</UniqueIdentifier>
      <Extensions>rc;ico;cur;bmp;dlg;rc2;rct;bin;rgs;gif;jpg;jpeg;jpe;resx;tiff;tif;png;wav;mfcribbon-ms</Extensions>
    </Filter>
    <Filter Include="Header Files\Pools">
      <UniqueIdentifier>{1973775a-926c-4ef9-ba0d-47faa280e0bc}</UniqueIdentifier>
    </Filter>
    <Filter Include="Header Files\GameElements">
      <UniqueIdentifier>{9f4b0e7d-b024-4885-8621-66eff687fdd3}</UniqueIdentifier>
    </Filter>
    <Filter Include="Source Files\Pools">
      <UniqueIdentifier>{d15d02db-9f8b-4912-8c14-e05db868fb98}</UniqueIdentifier>
    </Filter>
    <Filter Include="Source Files\GameElements">
      <UniqueIdentifier>{e5cba1f3-c66e-487a-bb4a-1d17e3592e66}</UniqueIdentifier>
    </Filter>
    <Filter Include="Header Files\Menus">
      <UniqueIdentifier>{eb5d6ad2-083a-4784-9219-4690642caa92}</UniqueIdentifier>
    </Filter>
    <Filter Include="Source Files\Menus">
      <UniqueIdentifier>{73c4dba2-5c7d-49ee-98dc-34afc6528806}</UniqueIdentifier>
    </Filter>
  </ItemGroup>
  <ItemGroup>
    <ClCompile Include="main.cpp">
      <Filter>Source Files</Filter>
    </ClCompile>
    <ClCompile Include="UFOFactory.cpp">
      <Filter>Source Files</Filter>
    </ClCompile>
    <ClCompile Include="GameManager.cpp">
      <Filter>Source Files</Filter>
    </ClCompile>
    <ClCompile Include="ScoreHud.cpp">
      <Filter>Source Files</Filter>
    </ClCompile>
    <ClCompile Include="ShootFactory.cpp">
      <Filter>Source Files</Filter>
    </ClCompile>
    <ClCompile Include="AsteroidFactory.cpp">
      <Filter>Source Files</Filter>
    </ClCompile>
    <ClCompile Include="AsteroidPool.cpp">
      <Filter>Source Files\Pools</Filter>
    </ClCompile>
    <ClCompile Include="UFOPoolManager.cpp">
      <Filter>Source Files\Pools</Filter>
    </ClCompile>
    <ClCompile Include="Asteroid.cpp">
      <Filter>Source Files\GameElements</Filter>
    </ClCompile>
    <ClCompile Include="EnemyShootObject.cpp">
      <Filter>Source Files\GameElements</Filter>
    </ClCompile>
    <ClCompile Include="ShootObject.cpp">
      <Filter>Source Files\GameElements</Filter>
    </ClCompile>
    <ClCompile Include="UFOController.cpp">
      <Filter>Source Files\GameElements</Filter>
    </ClCompile>
    <ClCompile Include="MainPlayerController.cpp">
      <Filter>Source Files\GameElements</Filter>
    </ClCompile>
    <ClCompile Include="PauseMenu.cpp">
      <Filter>Source Files\Menus</Filter>
    </ClCompile>
    <ClCompile Include="MainMenu.cpp">
      <Filter>Source Files\Menus</Filter>
    </ClCompile>
    <ClCompile Include="MainMenuObject.cpp">
      <Filter>Source Files\Menus</Filter>
    </ClCompile>
    <ClCompile Include="PauseMenuObject.cpp">
      <Filter>Source Files</Filter>
    </ClCompile>
    <ClCompile Include="LoadHighScore.cpp">
      <Filter>Source Files</Filter>
    </ClCompile>
    <ClCompile Include="Background.cpp">
      <Filter>Source Files</Filter>
    </ClCompile>
  </ItemGroup>
  <ItemGroup>
    <ClInclude Include="GameCore.h">
      <Filter>Header Files</Filter>
    </ClInclude>
    <ClInclude Include="UFOFactory.h">
      <Filter>Header Files</Filter>
    </ClInclude>
    <ClInclude Include="GameManager.h">
      <Filter>Header Files</Filter>
    </ClInclude>
    <ClInclude Include="ScoreHud.h">
      <Filter>Header Files</Filter>
    </ClInclude>
    <ClInclude Include="MainGameElement.h">
      <Filter>Header Files</Filter>
    </ClInclude>
    <ClInclude Include="ShootFactory.h">
      <Filter>Header Files</Filter>
    </ClInclude>
    <ClInclude Include="AsteroidFactory.h">
      <Filter>Header Files</Filter>
    </ClInclude>
    <ClInclude Include="UFOPoolManager.h">
      <Filter>Header Files\Pools</Filter>
    </ClInclude>
    <ClInclude Include="ShootPool.h">
      <Filter>Header Files\Pools</Filter>
    </ClInclude>
    <ClInclude Include="AsteroidPool.h">
      <Filter>Header Files\Pools</Filter>
    </ClInclude>
    <ClInclude Include="EnemyShootPool.h">
      <Filter>Header Files\Pools</Filter>
    </ClInclude>
    <ClInclude Include="ShootObject.h">
      <Filter>Header Files\GameElements</Filter>
    </ClInclude>
    <ClInclude Include="MainPlayerController.h">
      <Filter>Header Files\GameElements</Filter>
    </ClInclude>
    <ClInclude Include="UFOController.h">
      <Filter>Header Files\GameElements</Filter>
    </ClInclude>
    <ClInclude Include="Asteroid.h">
      <Filter>Header Files\GameElements</Filter>
    </ClInclude>
    <ClInclude Include="MainMenu.h">
      <Filter>Header Files\Menus</Filter>
    </ClInclude>
    <ClInclude Include="MainMenuElement.h">
      <Filter>Header Files\Menus</Filter>
    </ClInclude>
    <ClInclude Include="MainMenuObject.h">
      <Filter>Header Files\Menus</Filter>
    </ClInclude>
    <ClInclude Include="MainMenuStructure.h">
      <Filter>Header Files\Menus</Filter>
    </ClInclude>
    <ClInclude Include="PauseMenu.h">
      <Filter>Header Files\Menus</Filter>
    </ClInclude>
    <ClInclude Include="PauseMenuElement.h">
      <Filter>Header Files\Menus</Filter>
    </ClInclude>
    <ClInclude Include="PauseMenuStructure.h">
      <Filter>Header Files\Menus</Filter>
    </ClInclude>
    <ClInclude Include="PauseMenuObject.h">
      <Filter>Header Files\Menus</Filter>
    </ClInclude>
    <ClInclude Include="EnemyShootObject.h">
      <Filter>Header Files\GameElements</Filter>
    </ClInclude>
    <ClInclude Include="LoadHighScore.h">
      <Filter>Header Files</Filter>
    </ClInclude>
    <ClInclude Include="Background.h">
      <Filter>Header Files</Filter>
    </ClInclude>
  </ItemGroup>
</Project>